// !$*UTF8*$!
{
	archiveVersion = 1;
	classes = {
	};
	objectVersion = 56;
	objects = {

/* Begin PBXBuildFile section */
		6A65B0502A04548D006DC309 /* TouchDownApp.swift in Sources */ = {isa = PBXBuildFile; fileRef = 6A65B04F2A04548D006DC309 /* TouchDownApp.swift */; };
		6A65B0522A04548D006DC309 /* ContentView.swift in Sources */ = {isa = PBXBuildFile; fileRef = 6A65B0512A04548D006DC309 /* ContentView.swift */; };
		6A65B0542A04548D006DC309 /* Assets.xcassets in Resources */ = {isa = PBXBuildFile; fileRef = 6A65B0532A04548D006DC309 /* Assets.xcassets */; };
		6A65B0572A04548D006DC309 /* Preview Assets.xcassets in Resources */ = {isa = PBXBuildFile; fileRef = 6A65B0562A04548D006DC309 /* Preview Assets.xcassets */; };
		6A65B0632A045523006DC309 /* player.json in Resources */ = {isa = PBXBuildFile; fileRef = 6A65B05F2A045523006DC309 /* player.json */; };
		6A65B0642A045523006DC309 /* brand.json in Resources */ = {isa = PBXBuildFile; fileRef = 6A65B0602A045523006DC309 /* brand.json */; };
		6A65B0652A045523006DC309 /* category.json in Resources */ = {isa = PBXBuildFile; fileRef = 6A65B0612A045523006DC309 /* category.json */; };
		6A65B0662A045523006DC309 /* product.json in Resources */ = {isa = PBXBuildFile; fileRef = 6A65B0622A045523006DC309 /* product.json */; };
		6A65B0702A0456B7006DC309 /* Constants.swift in Sources */ = {isa = PBXBuildFile; fileRef = 6A65B06F2A0456B7006DC309 /* Constants.swift */; };
		6A65B0722A0457FA006DC309 /* FooterView.swift in Sources */ = {isa = PBXBuildFile; fileRef = 6A65B0712A0457FA006DC309 /* FooterView.swift */; };
		6AA800CD2A0A6D800078E437 /* CategoryModel.swift in Sources */ = {isa = PBXBuildFile; fileRef = 6AA800CC2A0A6D800078E437 /* CategoryModel.swift */; };
		6AA800CF2A0A73D20078E437 /* CategoryItemView.swift in Sources */ = {isa = PBXBuildFile; fileRef = 6AA800CE2A0A73D20078E437 /* CategoryItemView.swift */; };
		6AA800D12A0A75DE0078E437 /* CategoryGridView.swift in Sources */ = {isa = PBXBuildFile; fileRef = 6AA800D02A0A75DE0078E437 /* CategoryGridView.swift */; };
		6AA800D32A0A781D0078E437 /* SectionView.swift in Sources */ = {isa = PBXBuildFile; fileRef = 6AA800D22A0A781D0078E437 /* SectionView.swift */; };
		6AC953982A050BA0003BCF09 /* NavigationBarView.swift in Sources */ = {isa = PBXBuildFile; fileRef = 6AC953972A050BA0003BCF09 /* NavigationBarView.swift */; };
		6AC9539A2A050D83003BCF09 /* LogoView.swift in Sources */ = {isa = PBXBuildFile; fileRef = 6AC953992A050D83003BCF09 /* LogoView.swift */; };
		6AC9539C2A0513B1003BCF09 /* PlayerModel.swift in Sources */ = {isa = PBXBuildFile; fileRef = 6AC9539B2A0513B1003BCF09 /* PlayerModel.swift */; };
		6AC9539E2A05141C003BCF09 /* CodableBundleExtension.swift in Sources */ = {isa = PBXBuildFile; fileRef = 6AC9539D2A05141C003BCF09 /* CodableBundleExtension.swift */; };
		6AC953A02A051770003BCF09 /* FeaturedItemView.swift in Sources */ = {isa = PBXBuildFile; fileRef = 6AC9539F2A051770003BCF09 /* FeaturedItemView.swift */; };
		6AC953A22A0518CA003BCF09 /* FeaturedTabView.swift in Sources */ = {isa = PBXBuildFile; fileRef = 6AC953A12A0518CA003BCF09 /* FeaturedTabView.swift */; };
/* End PBXBuildFile section */

/* Begin PBXFileReference section */
		6A65B04C2A04548D006DC309 /* TouchDown.app */ = {isa = PBXFileReference; explicitFileType = wrapper.application; includeInIndex = 0; path = TouchDown.app; sourceTree = BUILT_PRODUCTS_DIR; };
		6A65B04F2A04548D006DC309 /* TouchDownApp.swift */ = {isa = PBXFileReference; lastKnownFileType = sourcecode.swift; path = TouchDownApp.swift; sourceTree = "<group>"; };
		6A65B0512A04548D006DC309 /* ContentView.swift */ = {isa = PBXFileReference; lastKnownFileType = sourcecode.swift; path = ContentView.swift; sourceTree = "<group>"; };
		6A65B0532A04548D006DC309 /* Assets.xcassets */ = {isa = PBXFileReference; lastKnownFileType = folder.assetcatalog; path = Assets.xcassets; sourceTree = "<group>"; };
		6A65B0562A04548D006DC309 /* Preview Assets.xcassets */ = {isa = PBXFileReference; lastKnownFileType = folder.assetcatalog; path = "Preview Assets.xcassets"; sourceTree = "<group>"; };
		6A65B05F2A045523006DC309 /* player.json */ = {isa = PBXFileReference; fileEncoding = 4; lastKnownFileType = text.json; path = player.json; sourceTree = "<group>"; };
		6A65B0602A045523006DC309 /* brand.json */ = {isa = PBXFileReference; fileEncoding = 4; lastKnownFileType = text.json; path = brand.json; sourceTree = "<group>"; };
		6A65B0612A045523006DC309 /* category.json */ = {isa = PBXFileReference; fileEncoding = 4; lastKnownFileType = text.json; path = category.json; sourceTree = "<group>"; };
		6A65B0622A045523006DC309 /* product.json */ = {isa = PBXFileReference; fileEncoding = 4; lastKnownFileType = text.json; path = product.json; sourceTree = "<group>"; };
		6A65B0692A045576006DC309 /* Info.plist */ = {isa = PBXFileReference; lastKnownFileType = text.plist; path = Info.plist; sourceTree = "<group>"; };
		6A65B06F2A0456B7006DC309 /* Constants.swift */ = {isa = PBXFileReference; lastKnownFileType = sourcecode.swift; path = Constants.swift; sourceTree = "<group>"; };
		6A65B0712A0457FA006DC309 /* FooterView.swift */ = {isa = PBXFileReference; lastKnownFileType = sourcecode.swift; path = FooterView.swift; sourceTree = "<group>"; };
		6AA800CC2A0A6D800078E437 /* CategoryModel.swift */ = {isa = PBXFileReference; lastKnownFileType = sourcecode.swift; path = CategoryModel.swift; sourceTree = "<group>"; };
		6AA800CE2A0A73D20078E437 /* CategoryItemView.swift */ = {isa = PBXFileReference; lastKnownFileType = sourcecode.swift; path = CategoryItemView.swift; sourceTree = "<group>"; };
		6AA800D02A0A75DE0078E437 /* CategoryGridView.swift */ = {isa = PBXFileReference; lastKnownFileType = sourcecode.swift; path = CategoryGridView.swift; sourceTree = "<group>"; };
		6AA800D22A0A781D0078E437 /* SectionView.swift */ = {isa = PBXFileReference; lastKnownFileType = sourcecode.swift; path = SectionView.swift; sourceTree = "<group>"; };
		6AC953972A050BA0003BCF09 /* NavigationBarView.swift */ = {isa = PBXFileReference; lastKnownFileType = sourcecode.swift; path = NavigationBarView.swift; sourceTree = "<group>"; };
		6AC953992A050D83003BCF09 /* LogoView.swift */ = {isa = PBXFileReference; lastKnownFileType = sourcecode.swift; path = LogoView.swift; sourceTree = "<group>"; };
		6AC9539B2A0513B1003BCF09 /* PlayerModel.swift */ = {isa = PBXFileReference; lastKnownFileType = sourcecode.swift; path = PlayerModel.swift; sourceTree = "<group>"; };
		6AC9539D2A05141C003BCF09 /* CodableBundleExtension.swift */ = {isa = PBXFileReference; lastKnownFileType = sourcecode.swift; path = CodableBundleExtension.swift; sourceTree = "<group>"; };
		6AC9539F2A051770003BCF09 /* FeaturedItemView.swift */ = {isa = PBXFileReference; lastKnownFileType = sourcecode.swift; path = FeaturedItemView.swift; sourceTree = "<group>"; };
		6AC953A12A0518CA003BCF09 /* FeaturedTabView.swift */ = {isa = PBXFileReference; lastKnownFileType = sourcecode.swift; path = FeaturedTabView.swift; sourceTree = "<group>"; };
/* End PBXFileReference section */

/* Begin PBXFrameworksBuildPhase section */
		6A65B0492A04548D006DC309 /* Frameworks */ = {
			isa = PBXFrameworksBuildPhase;
			buildActionMask = 2147483647;
			files = (
			);
			runOnlyForDeploymentPostprocessing = 0;
		};
/* End PBXFrameworksBuildPhase section */

/* Begin PBXGroup section */
		6A65B0432A04548D006DC309 = {
			isa = PBXGroup;
			children = (
				6A65B04E2A04548D006DC309 /* TouchDown */,
				6A65B04D2A04548D006DC309 /* Products */,
			);
			sourceTree = "<group>";
		};
		6A65B04D2A04548D006DC309 /* Products */ = {
			isa = PBXGroup;
			children = (
				6A65B04C2A04548D006DC309 /* TouchDown.app */,
			);
			name = Products;
			sourceTree = "<group>";
		};
		6A65B04E2A04548D006DC309 /* TouchDown */ = {
			isa = PBXGroup;
			children = (
				6A65B05D2A045498006DC309 /* App */,
				6A65B0682A04553C006DC309 /* View */,
				6A65B0672A04552A006DC309 /* Data */,
				6A65B06C2A045627006DC309 /* Model */,
				6A65B06D2A045632006DC309 /* Extension */,
				6A65B06E2A045643006DC309 /* Utility */,
				6A65B0532A04548D006DC309 /* Assets.xcassets */,
				6A65B0692A045576006DC309 /* Info.plist */,
				6A65B0552A04548D006DC309 /* Preview Content */,
			);
			path = TouchDown;
			sourceTree = "<group>";
		};
		6A65B0552A04548D006DC309 /* Preview Content */ = {
			isa = PBXGroup;
			children = (
				6A65B0562A04548D006DC309 /* Preview Assets.xcassets */,
			);
			path = "Preview Content";
			sourceTree = "<group>";
		};
		6A65B05D2A045498006DC309 /* App */ = {
			isa = PBXGroup;
			children = (
				6A65B04F2A04548D006DC309 /* TouchDownApp.swift */,
				6A65B0512A04548D006DC309 /* ContentView.swift */,
			);
			path = App;
			sourceTree = "<group>";
		};
		6A65B0672A04552A006DC309 /* Data */ = {
			isa = PBXGroup;
			children = (
				6A65B0602A045523006DC309 /* brand.json */,
				6A65B0612A045523006DC309 /* category.json */,
				6A65B05F2A045523006DC309 /* player.json */,
				6A65B0622A045523006DC309 /* product.json */,
			);
			path = Data;
			sourceTree = "<group>";
		};
		6A65B0682A04553C006DC309 /* View */ = {
			isa = PBXGroup;
			children = (
				6A65B06A2A04560C006DC309 /* Home */,
				6A65B06B2A045615006DC309 /* Detail */,
			);
			path = View;
			sourceTree = "<group>";
		};
		6A65B06A2A04560C006DC309 /* Home */ = {
			isa = PBXGroup;
			children = (
				6A65B0712A0457FA006DC309 /* FooterView.swift */,
				6AC953972A050BA0003BCF09 /* NavigationBarView.swift */,
				6AC953992A050D83003BCF09 /* LogoView.swift */,
				6AC9539F2A051770003BCF09 /* FeaturedItemView.swift */,
				6AC953A12A0518CA003BCF09 /* FeaturedTabView.swift */,
				6AA800CE2A0A73D20078E437 /* CategoryItemView.swift */,
				6AA800D02A0A75DE0078E437 /* CategoryGridView.swift */,
				6AA800D22A0A781D0078E437 /* SectionView.swift */,
			);
			path = Home;
			sourceTree = "<group>";
		};
		6A65B06B2A045615006DC309 /* Detail */ = {
			isa = PBXGroup;
			children = (
			);
			path = Detail;
			sourceTree = "<group>";
		};
		6A65B06C2A045627006DC309 /* Model */ = {
			isa = PBXGroup;
			children = (
				6AC9539B2A0513B1003BCF09 /* PlayerModel.swift */,
				6AA800CC2A0A6D800078E437 /* CategoryModel.swift */,
			);
			path = Model;
			sourceTree = "<group>";
		};
		6A65B06D2A045632006DC309 /* Extension */ = {
			isa = PBXGroup;
			children = (
				6AC9539D2A05141C003BCF09 /* CodableBundleExtension.swift */,
			);
			path = Extension;
			sourceTree = "<group>";
		};
		6A65B06E2A045643006DC309 /* Utility */ = {
			isa = PBXGroup;
			children = (
				6A65B06F2A0456B7006DC309 /* Constants.swift */,
			);
			path = Utility;
			sourceTree = "<group>";
		};
/* End PBXGroup section */

/* Begin PBXNativeTarget section */
		6A65B04B2A04548D006DC309 /* TouchDown */ = {
			isa = PBXNativeTarget;
			buildConfigurationList = 6A65B05A2A04548D006DC309 /* Build configuration list for PBXNativeTarget "TouchDown" */;
			buildPhases = (
				6A65B0482A04548D006DC309 /* Sources */,
				6A65B0492A04548D006DC309 /* Frameworks */,
				6A65B04A2A04548D006DC309 /* Resources */,
			);
			buildRules = (
			);
			dependencies = (
			);
			name = TouchDown;
			productName = TouchDown;
			productReference = 6A65B04C2A04548D006DC309 /* TouchDown.app */;
			productType = "com.apple.product-type.application";
		};
/* End PBXNativeTarget section */

/* Begin PBXProject section */
		6A65B0442A04548D006DC309 /* Project object */ = {
			isa = PBXProject;
			attributes = {
				BuildIndependentTargetsInParallel = 1;
				LastSwiftUpdateCheck = 1420;
				LastUpgradeCheck = 1420;
				TargetAttributes = {
					6A65B04B2A04548D006DC309 = {
						CreatedOnToolsVersion = 14.2;
					};
				};
			};
			buildConfigurationList = 6A65B0472A04548D006DC309 /* Build configuration list for PBXProject "TouchDown" */;
			compatibilityVersion = "Xcode 14.0";
			developmentRegion = en;
			hasScannedForEncodings = 0;
			knownRegions = (
				en,
				Base,
			);
			mainGroup = 6A65B0432A04548D006DC309;
			productRefGroup = 6A65B04D2A04548D006DC309 /* Products */;
			projectDirPath = "";
			projectRoot = "";
			targets = (
				6A65B04B2A04548D006DC309 /* TouchDown */,
			);
		};
/* End PBXProject section */

/* Begin PBXResourcesBuildPhase section */
		6A65B04A2A04548D006DC309 /* Resources */ = {
			isa = PBXResourcesBuildPhase;
			buildActionMask = 2147483647;
			files = (
				6A65B0632A045523006DC309 /* player.json in Resources */,
				6A65B0642A045523006DC309 /* brand.json in Resources */,
				6A65B0652A045523006DC309 /* category.json in Resources */,
				6A65B0572A04548D006DC309 /* Preview Assets.xcassets in Resources */,
				6A65B0542A04548D006DC309 /* Assets.xcassets in Resources */,
				6A65B0662A045523006DC309 /* product.json in Resources */,
			);
			runOnlyForDeploymentPostprocessing = 0;
		};
/* End PBXResourcesBuildPhase section */

/* Begin PBXSourcesBuildPhase section */
		6A65B0482A04548D006DC309 /* Sources */ = {
			isa = PBXSourcesBuildPhase;
			buildActionMask = 2147483647;
			files = (
				6AC9539E2A05141C003BCF09 /* CodableBundleExtension.swift in Sources */,
				6A65B0522A04548D006DC309 /* ContentView.swift in Sources */,
				6AC9539A2A050D83003BCF09 /* LogoView.swift in Sources */,
				6A65B0722A0457FA006DC309 /* FooterView.swift in Sources */,
				6AC953A02A051770003BCF09 /* FeaturedItemView.swift in Sources */,
				6A65B0502A04548D006DC309 /* TouchDownApp.swift in Sources */,
				6A65B0702A0456B7006DC309 /* Constants.swift in Sources */,
				6AA800D12A0A75DE0078E437 /* CategoryGridView.swift in Sources */,
				6AA800CD2A0A6D800078E437 /* CategoryModel.swift in Sources */,
				6AC953982A050BA0003BCF09 /* NavigationBarView.swift in Sources */,
				6AA800D32A0A781D0078E437 /* SectionView.swift in Sources */,
				6AA800CF2A0A73D20078E437 /* CategoryItemView.swift in Sources */,
				6AC953A22A0518CA003BCF09 /* FeaturedTabView.swift in Sources */,
				6AC9539C2A0513B1003BCF09 /* PlayerModel.swift in Sources */,
			);
			runOnlyForDeploymentPostprocessing = 0;
		};
/* End PBXSourcesBuildPhase section */

/* Begin XCBuildConfiguration section */
		6A65B0582A04548D006DC309 /* Debug */ = {
			isa = XCBuildConfiguration;
			buildSettings = {
				ALWAYS_SEARCH_USER_PATHS = NO;
				CLANG_ANALYZER_NONNULL = YES;
				CLANG_ANALYZER_NUMBER_OBJECT_CONVERSION = YES_AGGRESSIVE;
				CLANG_CXX_LANGUAGE_STANDARD = "gnu++20";
				CLANG_ENABLE_MODULES = YES;
				CLANG_ENABLE_OBJC_ARC = YES;
				CLANG_ENABLE_OBJC_WEAK = YES;
				CLANG_WARN_BLOCK_CAPTURE_AUTORELEASING = YES;
				CLANG_WARN_BOOL_CONVERSION = YES;
				CLANG_WARN_COMMA = YES;
				CLANG_WARN_CONSTANT_CONVERSION = YES;
				CLANG_WARN_DEPRECATED_OBJC_IMPLEMENTATIONS = YES;
				CLANG_WARN_DIRECT_OBJC_ISA_USAGE = YES_ERROR;
				CLANG_WARN_DOCUMENTATION_COMMENTS = YES;
				CLANG_WARN_EMPTY_BODY = YES;
				CLANG_WARN_ENUM_CONVERSION = YES;
				CLANG_WARN_INFINITE_RECURSION = YES;
				CLANG_WARN_INT_CONVERSION = YES;
				CLANG_WARN_NON_LITERAL_NULL_CONVERSION = YES;
				CLANG_WARN_OBJC_IMPLICIT_RETAIN_SELF = YES;
				CLANG_WARN_OBJC_LITERAL_CONVERSION = YES;
				CLANG_WARN_OBJC_ROOT_CLASS = YES_ERROR;
				CLANG_WARN_QUOTED_INCLUDE_IN_FRAMEWORK_HEADER = YES;
				CLANG_WARN_RANGE_LOOP_ANALYSIS = YES;
				CLANG_WARN_STRICT_PROTOTYPES = YES;
				CLANG_WARN_SUSPICIOUS_MOVE = YES;
				CLANG_WARN_UNGUARDED_AVAILABILITY = YES_AGGRESSIVE;
				CLANG_WARN_UNREACHABLE_CODE = YES;
				CLANG_WARN__DUPLICATE_METHOD_MATCH = YES;
				COPY_PHASE_STRIP = NO;
				DEBUG_INFORMATION_FORMAT = dwarf;
				ENABLE_STRICT_OBJC_MSGSEND = YES;
				ENABLE_TESTABILITY = YES;
				GCC_C_LANGUAGE_STANDARD = gnu11;
				GCC_DYNAMIC_NO_PIC = NO;
				GCC_NO_COMMON_BLOCKS = YES;
				GCC_OPTIMIZATION_LEVEL = 0;
				GCC_PREPROCESSOR_DEFINITIONS = (
					"DEBUG=1",
					"$(inherited)",
				);
				GCC_WARN_64_TO_32_BIT_CONVERSION = YES;
				GCC_WARN_ABOUT_RETURN_TYPE = YES_ERROR;
				GCC_WARN_UNDECLARED_SELECTOR = YES;
				GCC_WARN_UNINITIALIZED_AUTOS = YES_AGGRESSIVE;
				GCC_WARN_UNUSED_FUNCTION = YES;
				GCC_WARN_UNUSED_VARIABLE = YES;
				IPHONEOS_DEPLOYMENT_TARGET = 16.2;
				MTL_ENABLE_DEBUG_INFO = INCLUDE_SOURCE;
				MTL_FAST_MATH = YES;
				ONLY_ACTIVE_ARCH = YES;
				SDKROOT = iphoneos;
				SWIFT_ACTIVE_COMPILATION_CONDITIONS = DEBUG;
				SWIFT_OPTIMIZATION_LEVEL = "-Onone";
			};
			name = Debug;
		};
		6A65B0592A04548D006DC309 /* Release */ = {
			isa = XCBuildConfiguration;
			buildSettings = {
				ALWAYS_SEARCH_USER_PATHS = NO;
				CLANG_ANALYZER_NONNULL = YES;
				CLANG_ANALYZER_NUMBER_OBJECT_CONVERSION = YES_AGGRESSIVE;
				CLANG_CXX_LANGUAGE_STANDARD = "gnu++20";
				CLANG_ENABLE_MODULES = YES;
				CLANG_ENABLE_OBJC_ARC = YES;
				CLANG_ENABLE_OBJC_WEAK = YES;
				CLANG_WARN_BLOCK_CAPTURE_AUTORELEASING = YES;
				CLANG_WARN_BOOL_CONVERSION = YES;
				CLANG_WARN_COMMA = YES;
				CLANG_WARN_CONSTANT_CONVERSION = YES;
				CLANG_WARN_DEPRECATED_OBJC_IMPLEMENTATIONS = YES;
				CLANG_WARN_DIRECT_OBJC_ISA_USAGE = YES_ERROR;
				CLANG_WARN_DOCUMENTATION_COMMENTS = YES;
				CLANG_WARN_EMPTY_BODY = YES;
				CLANG_WARN_ENUM_CONVERSION = YES;
				CLANG_WARN_INFINITE_RECURSION = YES;
				CLANG_WARN_INT_CONVERSION = YES;
				CLANG_WARN_NON_LITERAL_NULL_CONVERSION = YES;
				CLANG_WARN_OBJC_IMPLICIT_RETAIN_SELF = YES;
				CLANG_WARN_OBJC_LITERAL_CONVERSION = YES;
				CLANG_WARN_OBJC_ROOT_CLASS = YES_ERROR;
				CLANG_WARN_QUOTED_INCLUDE_IN_FRAMEWORK_HEADER = YES;
				CLANG_WARN_RANGE_LOOP_ANALYSIS = YES;
				CLANG_WARN_STRICT_PROTOTYPES = YES;
				CLANG_WARN_SUSPICIOUS_MOVE = YES;
				CLANG_WARN_UNGUARDED_AVAILABILITY = YES_AGGRESSIVE;
				CLANG_WARN_UNREACHABLE_CODE = YES;
				CLANG_WARN__DUPLICATE_METHOD_MATCH = YES;
				COPY_PHASE_STRIP = NO;
				DEBUG_INFORMATION_FORMAT = "dwarf-with-dsym";
				ENABLE_NS_ASSERTIONS = NO;
				ENABLE_STRICT_OBJC_MSGSEND = YES;
				GCC_C_LANGUAGE_STANDARD = gnu11;
				GCC_NO_COMMON_BLOCKS = YES;
				GCC_WARN_64_TO_32_BIT_CONVERSION = YES;
				GCC_WARN_ABOUT_RETURN_TYPE = YES_ERROR;
				GCC_WARN_UNDECLARED_SELECTOR = YES;
				GCC_WARN_UNINITIALIZED_AUTOS = YES_AGGRESSIVE;
				GCC_WARN_UNUSED_FUNCTION = YES;
				GCC_WARN_UNUSED_VARIABLE = YES;
				IPHONEOS_DEPLOYMENT_TARGET = 16.2;
				MTL_ENABLE_DEBUG_INFO = NO;
				MTL_FAST_MATH = YES;
				SDKROOT = iphoneos;
				SWIFT_COMPILATION_MODE = wholemodule;
				SWIFT_OPTIMIZATION_LEVEL = "-O";
				VALIDATE_PRODUCT = YES;
			};
			name = Release;
		};
		6A65B05B2A04548D006DC309 /* Debug */ = {
			isa = XCBuildConfiguration;
			buildSettings = {
				ASSETCATALOG_COMPILER_APPICON_NAME = AppIcon;
				ASSETCATALOG_COMPILER_GLOBAL_ACCENT_COLOR_NAME = AccentColor;
				CODE_SIGN_STYLE = Automatic;
				CURRENT_PROJECT_VERSION = 1;
				DEVELOPMENT_ASSET_PATHS = "\"TouchDown/Preview Content\"";
				ENABLE_PREVIEWS = YES;
				GENERATE_INFOPLIST_FILE = YES;
				INFOPLIST_FILE = TouchDown/Info.plist;
				INFOPLIST_KEY_UIApplicationSceneManifest_Generation = YES;
				INFOPLIST_KEY_UIApplicationSupportsIndirectInputEvents = YES;
				INFOPLIST_KEY_UISupportedInterfaceOrientations = UIInterfaceOrientationPortrait;
				INFOPLIST_KEY_UIUserInterfaceStyle = Light;
				LD_RUNPATH_SEARCH_PATHS = (
					"$(inherited)",
					"@executable_path/Frameworks",
				);
				MARKETING_VERSION = 1.0;
				PRODUCT_BUNDLE_IDENTIFIER = tezz.iosapplication.TouchDown;
				PRODUCT_NAME = "$(TARGET_NAME)";
				SWIFT_EMIT_LOC_STRINGS = YES;
				SWIFT_VERSION = 5.0;
				TARGETED_DEVICE_FAMILY = "1,2";
			};
			name = Debug;
		};
		6A65B05C2A04548D006DC309 /* Release */ = {
			isa = XCBuildConfiguration;
			buildSettings = {
				ASSETCATALOG_COMPILER_APPICON_NAME = AppIcon;
				ASSETCATALOG_COMPILER_GLOBAL_ACCENT_COLOR_NAME = AccentColor;
				CODE_SIGN_STYLE = Automatic;
				CURRENT_PROJECT_VERSION = 1;
				DEVELOPMENT_ASSET_PATHS = "\"TouchDown/Preview Content\"";
				ENABLE_PREVIEWS = YES;
				GENERATE_INFOPLIST_FILE = YES;
				INFOPLIST_FILE = TouchDown/Info.plist;
				INFOPLIST_KEY_UIApplicationSceneManifest_Generation = YES;
				INFOPLIST_KEY_UIApplicationSupportsIndirectInputEvents = YES;
				INFOPLIST_KEY_UISupportedInterfaceOrientations = UIInterfaceOrientationPortrait;
				INFOPLIST_KEY_UIUserInterfaceStyle = Light;
				LD_RUNPATH_SEARCH_PATHS = (
					"$(inherited)",
					"@executable_path/Frameworks",
				);
				MARKETING_VERSION = 1.0;
				PRODUCT_BUNDLE_IDENTIFIER = tezz.iosapplication.TouchDown;
				PRODUCT_NAME = "$(TARGET_NAME)";
				SWIFT_EMIT_LOC_STRINGS = YES;
				SWIFT_VERSION = 5.0;
				TARGETED_DEVICE_FAMILY = "1,2";
			};
			name = Release;
		};
/* End XCBuildConfiguration section */

/* Begin XCConfigurationList section */
		6A65B0472A04548D006DC309 /* Build configuration list for PBXProject "TouchDown" */ = {
			isa = XCConfigurationList;
			buildConfigurations = (
				6A65B0582A04548D006DC309 /* Debug */,
				6A65B0592A04548D006DC309 /* Release */,
			);
			defaultConfigurationIsVisible = 0;
			defaultConfigurationName = Release;
		};
		6A65B05A2A04548D006DC309 /* Build configuration list for PBXNativeTarget "TouchDown" */ = {
			isa = XCConfigurationList;
			buildConfigurations = (
				6A65B05B2A04548D006DC309 /* Debug */,
				6A65B05C2A04548D006DC309 /* Release */,
			);
			defaultConfigurationIsVisible = 0;
			defaultConfigurationName = Release;
		};
/* End XCConfigurationList section */
	};
	rootObject = 6A65B0442A04548D006DC309 /* Project object */;
}
